
Microsoft Visual Studio Solution File, Format Version 12.00
# Visual Studio Version 17
VisualStudioVersion = 17.1.32319.34
MinimumVisualStudioVersion = 10.0.40219.1
Project("{FAE04EC0-301F-11D3-BF4B-00C04F79EFBC}") = "LALR-Gen", "LALR-Gen.csproj", "{FF9470B6-750A-46DA-81E7-40D3AE8D3E7C}"
EndProject
Global
	GlobalSection(SolutionConfigurationPlatforms) = preSolution
		Debug|Any CPU = Debug|Any CPU
		Release|Any CPU = Release|Any CPU
	EndGlobalSection
	GlobalSection(ProjectConfigurationPlatforms) = postSolution
		{FF9470B6-750A-46DA-81E7-40D3AE8D3E7C}.Debug|Any CPU.ActiveCfg = Debug|Any CPU
		{FF9470B6-750A-46DA-81E7-40D3AE8D3E7C}.Debug|Any CPU.Build.0 = Debug|Any CPU
		{FF9470B6-750A-46DA-81E7-40D3AE8D3E7C}.Release|Any CPU.ActiveCfg = Release|Any CPU
		{FF9470B6-750A-46DA-81E7-40D3AE8D3E7C}.Release|Any CPU.Build.0 = Release|Any CPU
	EndGlobalSection
	GlobalSection(SolutionProperties) = preSolution
		HideSolutionNode = FALSE
	EndGlobalSection
	GlobalSection(ExtensibilityGlobals) = postSolution
		SolutionGuid = {D5372A11-B615-4A30-8D27-07D924479EAF}
	EndGlobalSection
EndGlobal
